// !$*UTF8*$!
{
	archiveVersion = 1;
	classes = {
	};
	objectVersion = 50;
	objects = {

/* Begin PBXBuildFile section */
		BD67F9D624D81F2800C19B08 /* AppDelegate.m in Sources */ = {isa = PBXBuildFile; fileRef = BD67F9D524D81F2800C19B08 /* AppDelegate.m */; };
		BD67F9D924D81F2800C19B08 /* SceneDelegate.m in Sources */ = {isa = PBXBuildFile; fileRef = BD67F9D824D81F2800C19B08 /* SceneDelegate.m */; };
		BD67F9DC24D81F2800C19B08 /* CardGameViewController.m in Sources */ = {isa = PBXBuildFile; fileRef = BD67F9DB24D81F2800C19B08 /* CardGameViewController.m */; };
		BD67F9DF24D81F2800C19B08 /* Main.storyboard in Resources */ = {isa = PBXBuildFile; fileRef = BD67F9DD24D81F2800C19B08 /* Main.storyboard */; };
		BD67F9E124D81F2800C19B08 /* Assets.xcassets in Resources */ = {isa = PBXBuildFile; fileRef = BD67F9E024D81F2800C19B08 /* Assets.xcassets */; };
		BD67F9E424D81F2800C19B08 /* LaunchScreen.storyboard in Resources */ = {isa = PBXBuildFile; fileRef = BD67F9E224D81F2800C19B08 /* LaunchScreen.storyboard */; };
		BD67F9E724D81F2800C19B08 /* main.m in Sources */ = {isa = PBXBuildFile; fileRef = BD67F9E624D81F2800C19B08 /* main.m */; };
		BD67F9F124D81F2800C19B08 /* assignment1_matchismoTests.m in Sources */ = {isa = PBXBuildFile; fileRef = BD67F9F024D81F2800C19B08 /* assignment1_matchismoTests.m */; };
		BD67F9FC24D81F2800C19B08 /* assignment1_matchismoUITests.m in Sources */ = {isa = PBXBuildFile; fileRef = BD67F9FB24D81F2800C19B08 /* assignment1_matchismoUITests.m */; };
		BD67FA0A24D8237D00C19B08 /* Card.m in Sources */ = {isa = PBXBuildFile; fileRef = BD67FA0924D8237D00C19B08 /* Card.m */; };
		BD67FA0E24D8265800C19B08 /* Deck.m in Sources */ = {isa = PBXBuildFile; fileRef = BD67FA0D24D8265800C19B08 /* Deck.m */; };
		BD67FA1224D82B4A00C19B08 /* PlayingCard.m in Sources */ = {isa = PBXBuildFile; fileRef = BD67FA1124D82B4A00C19B08 /* PlayingCard.m */; };
		BD67FA1524D8461000C19B08 /* PlayingCardDeck.m in Sources */ = {isa = PBXBuildFile; fileRef = BD67FA1424D8461000C19B08 /* PlayingCardDeck.m */; };
		BD67FA1B24DA95B300C19B08 /* CardMatchingGame.m in Sources */ = {isa = PBXBuildFile; fileRef = BD67FA1A24DA95B300C19B08 /* CardMatchingGame.m */; };
		BDC11ECA24E270400080DFE0 /* PlayingCardGameViewController.m in Sources */ = {isa = PBXBuildFile; fileRef = BDC11EC924E270400080DFE0 /* PlayingCardGameViewController.m */; };
		BDC11ECD24E277A20080DFE0 /* SetCard.m in Sources */ = {isa = PBXBuildFile; fileRef = BDC11ECC24E277A20080DFE0 /* SetCard.m */; };
		BDC11ED024E2849A0080DFE0 /* SetCardDeck.m in Sources */ = {isa = PBXBuildFile; fileRef = BDC11ECF24E2849A0080DFE0 /* SetCardDeck.m */; };
		BDC11ED324E289270080DFE0 /* SetCardGameViewController.m in Sources */ = {isa = PBXBuildFile; fileRef = BDC11ED224E289270080DFE0 /* SetCardGameViewController.m */; };
		BDC11ED624E3D6E20080DFE0 /* GameHistoryViewController.m in Sources */ = {isa = PBXBuildFile; fileRef = BDC11ED524E3D6E20080DFE0 /* GameHistoryViewController.m */; };
/* End PBXBuildFile section */

/* Begin PBXContainerItemProxy section */
		BD67F9ED24D81F2800C19B08 /* PBXContainerItemProxy */ = {
			isa = PBXContainerItemProxy;
			containerPortal = BD67F9C924D81F2700C19B08 /* Project object */;
			proxyType = 1;
			remoteGlobalIDString = BD67F9D024D81F2700C19B08;
			remoteInfo = assignment1_matchismo;
		};
		BD67F9F824D81F2800C19B08 /* PBXContainerItemProxy */ = {
			isa = PBXContainerItemProxy;
			containerPortal = BD67F9C924D81F2700C19B08 /* Project object */;
			proxyType = 1;
			remoteGlobalIDString = BD67F9D024D81F2700C19B08;
			remoteInfo = assignment1_matchismo;
		};
/* End PBXContainerItemProxy section */

/* Begin PBXFileReference section */
		BD67F9D124D81F2800C19B08 /* assignment1_matchismo.app */ = {isa = PBXFileReference; explicitFileType = wrapper.application; includeInIndex = 0; path = assignment1_matchismo.app; sourceTree = BUILT_PRODUCTS_DIR; };
		BD67F9D424D81F2800C19B08 /* AppDelegate.h */ = {isa = PBXFileReference; lastKnownFileType = sourcecode.c.h; path = AppDelegate.h; sourceTree = "<group>"; };
		BD67F9D524D81F2800C19B08 /* AppDelegate.m */ = {isa = PBXFileReference; lastKnownFileType = sourcecode.c.objc; path = AppDelegate.m; sourceTree = "<group>"; };
		BD67F9D724D81F2800C19B08 /* SceneDelegate.h */ = {isa = PBXFileReference; lastKnownFileType = sourcecode.c.h; path = SceneDelegate.h; sourceTree = "<group>"; };
		BD67F9D824D81F2800C19B08 /* SceneDelegate.m */ = {isa = PBXFileReference; lastKnownFileType = sourcecode.c.objc; path = SceneDelegate.m; sourceTree = "<group>"; };
		BD67F9DA24D81F2800C19B08 /* CardGameViewController.h */ = {isa = PBXFileReference; lastKnownFileType = sourcecode.c.h; path = CardGameViewController.h; sourceTree = "<group>"; };
		BD67F9DB24D81F2800C19B08 /* CardGameViewController.m */ = {isa = PBXFileReference; lastKnownFileType = sourcecode.c.objc; path = CardGameViewController.m; sourceTree = "<group>"; };
		BD67F9DE24D81F2800C19B08 /* Base */ = {isa = PBXFileReference; lastKnownFileType = file.storyboard; name = Base; path = Base.lproj/Main.storyboard; sourceTree = "<group>"; };
		BD67F9E024D81F2800C19B08 /* Assets.xcassets */ = {isa = PBXFileReference; lastKnownFileType = folder.assetcatalog; path = Assets.xcassets; sourceTree = "<group>"; };
		BD67F9E324D81F2800C19B08 /* Base */ = {isa = PBXFileReference; lastKnownFileType = file.storyboard; name = Base; path = Base.lproj/LaunchScreen.storyboard; sourceTree = "<group>"; };
		BD67F9E524D81F2800C19B08 /* Info.plist */ = {isa = PBXFileReference; lastKnownFileType = text.plist.xml; path = Info.plist; sourceTree = "<group>"; };
		BD67F9E624D81F2800C19B08 /* main.m */ = {isa = PBXFileReference; lastKnownFileType = sourcecode.c.objc; path = main.m; sourceTree = "<group>"; };
		BD67F9EC24D81F2800C19B08 /* assignment1_matchismoTests.xctest */ = {isa = PBXFileReference; explicitFileType = wrapper.cfbundle; includeInIndex = 0; path = assignment1_matchismoTests.xctest; sourceTree = BUILT_PRODUCTS_DIR; };
		BD67F9F024D81F2800C19B08 /* assignment1_matchismoTests.m */ = {isa = PBXFileReference; lastKnownFileType = sourcecode.c.objc; path = assignment1_matchismoTests.m; sourceTree = "<group>"; };
		BD67F9F224D81F2800C19B08 /* Info.plist */ = {isa = PBXFileReference; lastKnownFileType = text.plist.xml; path = Info.plist; sourceTree = "<group>"; };
		BD67F9F724D81F2800C19B08 /* assignment1_matchismoUITests.xctest */ = {isa = PBXFileReference; explicitFileType = wrapper.cfbundle; includeInIndex = 0; path = assignment1_matchismoUITests.xctest; sourceTree = BUILT_PRODUCTS_DIR; };
		BD67F9FB24D81F2800C19B08 /* assignment1_matchismoUITests.m */ = {isa = PBXFileReference; lastKnownFileType = sourcecode.c.objc; path = assignment1_matchismoUITests.m; sourceTree = "<group>"; };
		BD67F9FD24D81F2800C19B08 /* Info.plist */ = {isa = PBXFileReference; lastKnownFileType = text.plist.xml; path = Info.plist; sourceTree = "<group>"; };
		BD67FA0924D8237D00C19B08 /* Card.m */ = {isa = PBXFileReference; lastKnownFileType = sourcecode.c.objc; path = Card.m; sourceTree = "<group>"; };
		BD67FA0B24D823A400C19B08 /* Card.h */ = {isa = PBXFileReference; lastKnownFileType = sourcecode.c.h; path = Card.h; sourceTree = "<group>"; };
		BD67FA0C24D8263B00C19B08 /* Deck.h */ = {isa = PBXFileReference; lastKnownFileType = sourcecode.c.h; path = Deck.h; sourceTree = "<group>"; };
		BD67FA0D24D8265800C19B08 /* Deck.m */ = {isa = PBXFileReference; lastKnownFileType = sourcecode.c.objc; path = Deck.m; sourceTree = "<group>"; };
		BD67FA1024D82B2700C19B08 /* PlayingCard.h */ = {isa = PBXFileReference; lastKnownFileType = sourcecode.c.h; path = PlayingCard.h; sourceTree = "<group>"; };
		BD67FA1124D82B4A00C19B08 /* PlayingCard.m */ = {isa = PBXFileReference; lastKnownFileType = sourcecode.c.objc; path = PlayingCard.m; sourceTree = "<group>"; };
		BD67FA1324D845A400C19B08 /* PlayingCardDeck.h */ = {isa = PBXFileReference; lastKnownFileType = sourcecode.c.h; path = PlayingCardDeck.h; sourceTree = "<group>"; };
		BD67FA1424D8461000C19B08 /* PlayingCardDeck.m */ = {isa = PBXFileReference; lastKnownFileType = sourcecode.c.objc; path = PlayingCardDeck.m; sourceTree = "<group>"; };
		BD67FA1924DA959100C19B08 /* CardMatchingGame.h */ = {isa = PBXFileReference; lastKnownFileType = sourcecode.c.h; path = CardMatchingGame.h; sourceTree = "<group>"; };
		BD67FA1A24DA95B300C19B08 /* CardMatchingGame.m */ = {isa = PBXFileReference; lastKnownFileType = sourcecode.c.objc; path = CardMatchingGame.m; sourceTree = "<group>"; };
		BDC11EC824E26F9D0080DFE0 /* PlayingCardGameViewController.h */ = {isa = PBXFileReference; lastKnownFileType = sourcecode.c.h; path = PlayingCardGameViewController.h; sourceTree = "<group>"; };
		BDC11EC924E270400080DFE0 /* PlayingCardGameViewController.m */ = {isa = PBXFileReference; lastKnownFileType = sourcecode.c.objc; path = PlayingCardGameViewController.m; sourceTree = "<group>"; };
		BDC11ECB24E277A20080DFE0 /* SetCard.h */ = {isa = PBXFileReference; lastKnownFileType = sourcecode.c.h; path = SetCard.h; sourceTree = "<group>"; };
		BDC11ECC24E277A20080DFE0 /* SetCard.m */ = {isa = PBXFileReference; lastKnownFileType = sourcecode.c.objc; path = SetCard.m; sourceTree = "<group>"; };
		BDC11ECE24E2849A0080DFE0 /* SetCardDeck.h */ = {isa = PBXFileReference; lastKnownFileType = sourcecode.c.h; path = SetCardDeck.h; sourceTree = "<group>"; };
		BDC11ECF24E2849A0080DFE0 /* SetCardDeck.m */ = {isa = PBXFileReference; lastKnownFileType = sourcecode.c.objc; path = SetCardDeck.m; sourceTree = "<group>"; };
		BDC11ED124E289260080DFE0 /* SetCardGameViewController.h */ = {isa = PBXFileReference; lastKnownFileType = sourcecode.c.h; path = SetCardGameViewController.h; sourceTree = "<group>"; };
		BDC11ED224E289270080DFE0 /* SetCardGameViewController.m */ = {isa = PBXFileReference; lastKnownFileType = sourcecode.c.objc; path = SetCardGameViewController.m; sourceTree = "<group>"; };
		BDC11ED424E3D6E20080DFE0 /* GameHistoryViewController.h */ = {isa = PBXFileReference; lastKnownFileType = sourcecode.c.h; path = GameHistoryViewController.h; sourceTree = "<group>"; };
		BDC11ED524E3D6E20080DFE0 /* GameHistoryViewController.m */ = {isa = PBXFileReference; lastKnownFileType = sourcecode.c.objc; path = GameHistoryViewController.m; sourceTree = "<group>"; };
/* End PBXFileReference section */

/* Begin PBXFrameworksBuildPhase section */
		BD67F9CE24D81F2700C19B08 /* Frameworks */ = {
			isa = PBXFrameworksBuildPhase;
			buildActionMask = 2147483647;
			files = (
			);
			runOnlyForDeploymentPostprocessing = 0;
		};
		BD67F9E924D81F2800C19B08 /* Frameworks */ = {
			isa = PBXFrameworksBuildPhase;
			buildActionMask = 2147483647;
			files = (
			);
			runOnlyForDeploymentPostprocessing = 0;
		};
		BD67F9F424D81F2800C19B08 /* Frameworks */ = {
			isa = PBXFrameworksBuildPhase;
			buildActionMask = 2147483647;
			files = (
			);
			runOnlyForDeploymentPostprocessing = 0;
		};
/* End PBXFrameworksBuildPhase section */

/* Begin PBXGroup section */
		BD67F9C824D81F2700C19B08 = {
			isa = PBXGroup;
			children = (
				BD67F9D324D81F2800C19B08 /* assignment1_matchismo */,
				BD67F9EF24D81F2800C19B08 /* assignment1_matchismoTests */,
				BD67F9FA24D81F2800C19B08 /* assignment1_matchismoUITests */,
				BD67F9D224D81F2800C19B08 /* Products */,
			);
			sourceTree = "<group>";
		};
		BD67F9D224D81F2800C19B08 /* Products */ = {
			isa = PBXGroup;
			children = (
				BD67F9D124D81F2800C19B08 /* assignment1_matchismo.app */,
				BD67F9EC24D81F2800C19B08 /* assignment1_matchismoTests.xctest */,
				BD67F9F724D81F2800C19B08 /* assignment1_matchismoUITests.xctest */,
			);
			name = Products;
			sourceTree = "<group>";
		};
		BD67F9D324D81F2800C19B08 /* assignment1_matchismo */ = {
			isa = PBXGroup;
			children = (
				BD67F9D424D81F2800C19B08 /* AppDelegate.h */,
				BD67F9D524D81F2800C19B08 /* AppDelegate.m */,
				BD67FA1824D967A400C19B08 /* model */,
				BD67F9DA24D81F2800C19B08 /* CardGameViewController.h */,
				BD67F9DB24D81F2800C19B08 /* CardGameViewController.m */,
				BDC11ED424E3D6E20080DFE0 /* GameHistoryViewController.h */,
				BDC11ED524E3D6E20080DFE0 /* GameHistoryViewController.m */,
				BD67F9DD24D81F2800C19B08 /* Main.storyboard */,
				BDC11EC824E26F9D0080DFE0 /* PlayingCardGameViewController.h */,
				BDC11EC924E270400080DFE0 /* PlayingCardGameViewController.m */,
				BD67F9D724D81F2800C19B08 /* SceneDelegate.h */,
				BD67F9D824D81F2800C19B08 /* SceneDelegate.m */,
				BDC11ED124E289260080DFE0 /* SetCardGameViewController.h */,
				BDC11ED224E289270080DFE0 /* SetCardGameViewController.m */,
				BD67F9E024D81F2800C19B08 /* Assets.xcassets */,
				BD67F9E224D81F2800C19B08 /* LaunchScreen.storyboard */,
				BD67F9E524D81F2800C19B08 /* Info.plist */,
				BD67F9E624D81F2800C19B08 /* main.m */,
			);
			path = assignment1_matchismo;
			sourceTree = "<group>";
		};
		BD67F9EF24D81F2800C19B08 /* assignment1_matchismoTests */ = {
			isa = PBXGroup;
			children = (
				BD67F9F024D81F2800C19B08 /* assignment1_matchismoTests.m */,
				BD67F9F224D81F2800C19B08 /* Info.plist */,
			);
			path = assignment1_matchismoTests;
			sourceTree = "<group>";
		};
		BD67F9FA24D81F2800C19B08 /* assignment1_matchismoUITests */ = {
			isa = PBXGroup;
			children = (
				BD67F9FB24D81F2800C19B08 /* assignment1_matchismoUITests.m */,
				BD67F9FD24D81F2800C19B08 /* Info.plist */,
			);
			path = assignment1_matchismoUITests;
			sourceTree = "<group>";
		};
		BD67FA1824D967A400C19B08 /* model */ = {
			isa = PBXGroup;
			children = (
				BD67FA0B24D823A400C19B08 /* Card.h */,
				BD67FA0924D8237D00C19B08 /* Card.m */,
				BD67FA1924DA959100C19B08 /* CardMatchingGame.h */,
				BD67FA1A24DA95B300C19B08 /* CardMatchingGame.m */,
				BD67FA0C24D8263B00C19B08 /* Deck.h */,
				BD67FA0D24D8265800C19B08 /* Deck.m */,
				BD67FA1024D82B2700C19B08 /* PlayingCard.h */,
				BD67FA1124D82B4A00C19B08 /* PlayingCard.m */,
				BD67FA1324D845A400C19B08 /* PlayingCardDeck.h */,
				BD67FA1424D8461000C19B08 /* PlayingCardDeck.m */,
				BDC11ECB24E277A20080DFE0 /* SetCard.h */,
				BDC11ECC24E277A20080DFE0 /* SetCard.m */,
				BDC11ECE24E2849A0080DFE0 /* SetCardDeck.h */,
				BDC11ECF24E2849A0080DFE0 /* SetCardDeck.m */,
			);
			path = model;
			sourceTree = "<group>";
		};
/* End PBXGroup section */

/* Begin PBXNativeTarget section */
		BD67F9D024D81F2700C19B08 /* assignment1_matchismo */ = {
			isa = PBXNativeTarget;
			buildConfigurationList = BD67FA0024D81F2800C19B08 /* Build configuration list for PBXNativeTarget "assignment1_matchismo" */;
			buildPhases = (
				BD67F9CD24D81F2700C19B08 /* Sources */,
				BD67F9CE24D81F2700C19B08 /* Frameworks */,
				BD67F9CF24D81F2700C19B08 /* Resources */,
			);
			buildRules = (
			);
			dependencies = (
			);
			name = assignment1_matchismo;
			productName = assignment1_matchismo;
			productReference = BD67F9D124D81F2800C19B08 /* assignment1_matchismo.app */;
			productType = "com.apple.product-type.application";
		};
		BD67F9EB24D81F2800C19B08 /* assignment1_matchismoTests */ = {
			isa = PBXNativeTarget;
			buildConfigurationList = BD67FA0324D81F2800C19B08 /* Build configuration list for PBXNativeTarget "assignment1_matchismoTests" */;
			buildPhases = (
				BD67F9E824D81F2800C19B08 /* Sources */,
				BD67F9E924D81F2800C19B08 /* Frameworks */,
				BD67F9EA24D81F2800C19B08 /* Resources */,
			);
			buildRules = (
			);
			dependencies = (
				BD67F9EE24D81F2800C19B08 /* PBXTargetDependency */,
			);
			name = assignment1_matchismoTests;
			productName = assignment1_matchismoTests;
			productReference = BD67F9EC24D81F2800C19B08 /* assignment1_matchismoTests.xctest */;
			productType = "com.apple.product-type.bundle.unit-test";
		};
		BD67F9F624D81F2800C19B08 /* assignment1_matchismoUITests */ = {
			isa = PBXNativeTarget;
			buildConfigurationList = BD67FA0624D81F2800C19B08 /* Build configuration list for PBXNativeTarget "assignment1_matchismoUITests" */;
			buildPhases = (
				BD67F9F324D81F2800C19B08 /* Sources */,
				BD67F9F424D81F2800C19B08 /* Frameworks */,
				BD67F9F524D81F2800C19B08 /* Resources */,
			);
			buildRules = (
			);
			dependencies = (
				BD67F9F924D81F2800C19B08 /* PBXTargetDependency */,
			);
			name = assignment1_matchismoUITests;
			productName = assignment1_matchismoUITests;
			productReference = BD67F9F724D81F2800C19B08 /* assignment1_matchismoUITests.xctest */;
			productType = "com.apple.product-type.bundle.ui-testing";
		};
/* End PBXNativeTarget section */

/* Begin PBXProject section */
		BD67F9C924D81F2700C19B08 /* Project object */ = {
			isa = PBXProject;
			attributes = {
				LastUpgradeCheck = 1160;
				ORGANIZATIONNAME = lightricks;
				TargetAttributes = {
					BD67F9D024D81F2700C19B08 = {
						CreatedOnToolsVersion = 11.6;
					};
					BD67F9EB24D81F2800C19B08 = {
						CreatedOnToolsVersion = 11.6;
						TestTargetID = BD67F9D024D81F2700C19B08;
					};
					BD67F9F624D81F2800C19B08 = {
						CreatedOnToolsVersion = 11.6;
						TestTargetID = BD67F9D024D81F2700C19B08;
					};
				};
			};
			buildConfigurationList = BD67F9CC24D81F2700C19B08 /* Build configuration list for PBXProject "assignment1_matchismo" */;
			compatibilityVersion = "Xcode 9.3";
			developmentRegion = en;
			hasScannedForEncodings = 0;
			knownRegions = (
				en,
				Base,
			);
			mainGroup = BD67F9C824D81F2700C19B08;
			productRefGroup = BD67F9D224D81F2800C19B08 /* Products */;
			projectDirPath = "";
			projectRoot = "";
			targets = (
				BD67F9D024D81F2700C19B08 /* assignment1_matchismo */,
				BD67F9EB24D81F2800C19B08 /* assignment1_matchismoTests */,
				BD67F9F624D81F2800C19B08 /* assignment1_matchismoUITests */,
			);
		};
/* End PBXProject section */

/* Begin PBXResourcesBuildPhase section */
		BD67F9CF24D81F2700C19B08 /* Resources */ = {
			isa = PBXResourcesBuildPhase;
			buildActionMask = 2147483647;
			files = (
				BD67F9E424D81F2800C19B08 /* LaunchScreen.storyboard in Resources */,
				BD67F9E124D81F2800C19B08 /* Assets.xcassets in Resources */,
				BD67F9DF24D81F2800C19B08 /* Main.storyboard in Resources */,
			);
			runOnlyForDeploymentPostprocessing = 0;
		};
		BD67F9EA24D81F2800C19B08 /* Resources */ = {
			isa = PBXResourcesBuildPhase;
			buildActionMask = 2147483647;
			files = (
			);
			runOnlyForDeploymentPostprocessing = 0;
		};
		BD67F9F524D81F2800C19B08 /* Resources */ = {
			isa = PBXResourcesBuildPhase;
			buildActionMask = 2147483647;
			files = (
			);
			runOnlyForDeploymentPostprocessing = 0;
		};
/* End PBXResourcesBuildPhase section */

/* Begin PBXSourcesBuildPhase section */
		BD67F9CD24D81F2700C19B08 /* Sources */ = {
			isa = PBXSourcesBuildPhase;
			buildActionMask = 2147483647;
			files = (
				BD67FA0A24D8237D00C19B08 /* Card.m in Sources */,
				BD67FA1524D8461000C19B08 /* PlayingCardDeck.m in Sources */,
				BDC11ED324E289270080DFE0 /* SetCardGameViewController.m in Sources */,
				BD67F9DC24D81F2800C19B08 /* CardGameViewController.m in Sources */,
				BDC11ECA24E270400080DFE0 /* PlayingCardGameViewController.m in Sources */,
				BD67FA1B24DA95B300C19B08 /* CardMatchingGame.m in Sources */,
				BDC11ECD24E277A20080DFE0 /* SetCard.m in Sources */,
				BD67FA1224D82B4A00C19B08 /* PlayingCard.m in Sources */,
				BD67F9D624D81F2800C19B08 /* AppDelegate.m in Sources */,
				BD67F9E724D81F2800C19B08 /* main.m in Sources */,
				BDC11ED024E2849A0080DFE0 /* SetCardDeck.m in Sources */,
				BDC11ED624E3D6E20080DFE0 /* GameHistoryViewController.m in Sources */,
				BD67FA0E24D8265800C19B08 /* Deck.m in Sources */,
				BD67F9D924D81F2800C19B08 /* SceneDelegate.m in Sources */,
			);
			runOnlyForDeploymentPostprocessing = 0;
		};
		BD67F9E824D81F2800C19B08 /* Sources */ = {
			isa = PBXSourcesBuildPhase;
			buildActionMask = 2147483647;
			files = (
				BD67F9F124D81F2800C19B08 /* assignment1_matchismoTests.m in Sources */,
			);
			runOnlyForDeploymentPostprocessing = 0;
		};
		BD67F9F324D81F2800C19B08 /* Sources */ = {
			isa = PBXSourcesBuildPhase;
			buildActionMask = 2147483647;
			files = (
				BD67F9FC24D81F2800C19B08 /* assignment1_matchismoUITests.m in Sources */,
			);
			runOnlyForDeploymentPostprocessing = 0;
		};
/* End PBXSourcesBuildPhase section */

/* Begin PBXTargetDependency section */
		BD67F9EE24D81F2800C19B08 /* PBXTargetDependency */ = {
			isa = PBXTargetDependency;
			target = BD67F9D024D81F2700C19B08 /* assignment1_matchismo */;
			targetProxy = BD67F9ED24D81F2800C19B08 /* PBXContainerItemProxy */;
		};
		BD67F9F924D81F2800C19B08 /* PBXTargetDependency */ = {
			isa = PBXTargetDependency;
			target = BD67F9D024D81F2700C19B08 /* assignment1_matchismo */;
			targetProxy = BD67F9F824D81F2800C19B08 /* PBXContainerItemProxy */;
		};
/* End PBXTargetDependency section */

/* Begin PBXVariantGroup section */
		BD67F9DD24D81F2800C19B08 /* Main.storyboard */ = {
			isa = PBXVariantGroup;
			children = (
				BD67F9DE24D81F2800C19B08 /* Base */,
			);
			name = Main.storyboard;
			sourceTree = "<group>";
		};
		BD67F9E224D81F2800C19B08 /* LaunchScreen.storyboard */ = {
			isa = PBXVariantGroup;
			children = (
				BD67F9E324D81F2800C19B08 /* Base */,
			);
			name = LaunchScreen.storyboard;
			sourceTree = "<group>";
		};
/* End PBXVariantGroup section */

/* Begin XCBuildConfiguration section */
		BD67F9FE24D81F2800C19B08 /* Debug */ = {
			isa = XCBuildConfiguration;
			buildSettings = {
				ALWAYS_SEARCH_USER_PATHS = NO;
				CLANG_ANALYZER_NONNULL = YES;
				CLANG_ANALYZER_NUMBER_OBJECT_CONVERSION = YES_AGGRESSIVE;
				CLANG_CXX_LANGUAGE_STANDARD = "gnu++14";
				CLANG_CXX_LIBRARY = "libc++";
				CLANG_ENABLE_MODULES = YES;
				CLANG_ENABLE_OBJC_ARC = YES;
				CLANG_ENABLE_OBJC_WEAK = YES;
				CLANG_WARN_BLOCK_CAPTURE_AUTORELEASING = YES;
				CLANG_WARN_BOOL_CONVERSION = YES;
				CLANG_WARN_COMMA = YES;
				CLANG_WARN_CONSTANT_CONVERSION = YES;
				CLANG_WARN_DEPRECATED_OBJC_IMPLEMENTATIONS = YES;
				CLANG_WARN_DIRECT_OBJC_ISA_USAGE = YES_ERROR;
				CLANG_WARN_DOCUMENTATION_COMMENTS = YES;
				CLANG_WARN_EMPTY_BODY = YES;
				CLANG_WARN_ENUM_CONVERSION = YES;
				CLANG_WARN_INFINITE_RECURSION = YES;
				CLANG_WARN_INT_CONVERSION = YES;
				CLANG_WARN_NON_LITERAL_NULL_CONVERSION = YES;
				CLANG_WARN_OBJC_IMPLICIT_RETAIN_SELF = YES;
				CLANG_WARN_OBJC_LITERAL_CONVERSION = YES;
				CLANG_WARN_OBJC_ROOT_CLASS = YES_ERROR;
				CLANG_WARN_RANGE_LOOP_ANALYSIS = YES;
				CLANG_WARN_STRICT_PROTOTYPES = YES;
				CLANG_WARN_SUSPICIOUS_MOVE = YES;
				CLANG_WARN_UNGUARDED_AVAILABILITY = YES_AGGRESSIVE;
				CLANG_WARN_UNREACHABLE_CODE = YES;
				CLANG_WARN__DUPLICATE_METHOD_MATCH = YES;
				COPY_PHASE_STRIP = NO;
				DEBUG_INFORMATION_FORMAT = dwarf;
				ENABLE_STRICT_OBJC_MSGSEND = YES;
				ENABLE_TESTABILITY = YES;
				GCC_C_LANGUAGE_STANDARD = gnu11;
				GCC_DYNAMIC_NO_PIC = NO;
				GCC_NO_COMMON_BLOCKS = YES;
				GCC_OPTIMIZATION_LEVEL = 0;
				GCC_PREPROCESSOR_DEFINITIONS = (
					"DEBUG=1",
					"$(inherited)",
				);
				GCC_WARN_64_TO_32_BIT_CONVERSION = YES;
				GCC_WARN_ABOUT_RETURN_TYPE = YES_ERROR;
				GCC_WARN_UNDECLARED_SELECTOR = YES;
				GCC_WARN_UNINITIALIZED_AUTOS = YES_AGGRESSIVE;
				GCC_WARN_UNUSED_FUNCTION = YES;
				GCC_WARN_UNUSED_VARIABLE = YES;
				IPHONEOS_DEPLOYMENT_TARGET = 13.6;
				MTL_ENABLE_DEBUG_INFO = INCLUDE_SOURCE;
				MTL_FAST_MATH = YES;
				ONLY_ACTIVE_ARCH = YES;
				SDKROOT = iphoneos;
			};
			name = Debug;
		};
		BD67F9FF24D81F2800C19B08 /* Release */ = {
			isa = XCBuildConfiguration;
			buildSettings = {
				ALWAYS_SEARCH_USER_PATHS = NO;
				CLANG_ANALYZER_NONNULL = YES;
				CLANG_ANALYZER_NUMBER_OBJECT_CONVERSION = YES_AGGRESSIVE;
				CLANG_CXX_LANGUAGE_STANDARD = "gnu++14";
				CLANG_CXX_LIBRARY = "libc++";
				CLANG_ENABLE_MODULES = YES;
				CLANG_ENABLE_OBJC_ARC = YES;
				CLANG_ENABLE_OBJC_WEAK = YES;
				CLANG_WARN_BLOCK_CAPTURE_AUTORELEASING = YES;
				CLANG_WARN_BOOL_CONVERSION = YES;
				CLANG_WARN_COMMA = YES;
				CLANG_WARN_CONSTANT_CONVERSION = YES;
				CLANG_WARN_DEPRECATED_OBJC_IMPLEMENTATIONS = YES;
				CLANG_WARN_DIRECT_OBJC_ISA_USAGE = YES_ERROR;
				CLANG_WARN_DOCUMENTATION_COMMENTS = YES;
				CLANG_WARN_EMPTY_BODY = YES;
				CLANG_WARN_ENUM_CONVERSION = YES;
				CLANG_WARN_INFINITE_RECURSION = YES;
				CLANG_WARN_INT_CONVERSION = YES;
				CLANG_WARN_NON_LITERAL_NULL_CONVERSION = YES;
				CLANG_WARN_OBJC_IMPLICIT_RETAIN_SELF = YES;
				CLANG_WARN_OBJC_LITERAL_CONVERSION = YES;
				CLANG_WARN_OBJC_ROOT_CLASS = YES_ERROR;
				CLANG_WARN_RANGE_LOOP_ANALYSIS = YES;
				CLANG_WARN_STRICT_PROTOTYPES = YES;
				CLANG_WARN_SUSPICIOUS_MOVE = YES;
				CLANG_WARN_UNGUARDED_AVAILABILITY = YES_AGGRESSIVE;
				CLANG_WARN_UNREACHABLE_CODE = YES;
				CLANG_WARN__DUPLICATE_METHOD_MATCH = YES;
				COPY_PHASE_STRIP = NO;
				DEBUG_INFORMATION_FORMAT = "dwarf-with-dsym";
				ENABLE_NS_ASSERTIONS = NO;
				ENABLE_STRICT_OBJC_MSGSEND = YES;
				GCC_C_LANGUAGE_STANDARD = gnu11;
				GCC_NO_COMMON_BLOCKS = YES;
				GCC_WARN_64_TO_32_BIT_CONVERSION = YES;
				GCC_WARN_ABOUT_RETURN_TYPE = YES_ERROR;
				GCC_WARN_UNDECLARED_SELECTOR = YES;
				GCC_WARN_UNINITIALIZED_AUTOS = YES_AGGRESSIVE;
				GCC_WARN_UNUSED_FUNCTION = YES;
				GCC_WARN_UNUSED_VARIABLE = YES;
				IPHONEOS_DEPLOYMENT_TARGET = 13.6;
				MTL_ENABLE_DEBUG_INFO = NO;
				MTL_FAST_MATH = YES;
				SDKROOT = iphoneos;
				VALIDATE_PRODUCT = YES;
			};
			name = Release;
		};
		BD67FA0124D81F2800C19B08 /* Debug */ = {
			isa = XCBuildConfiguration;
			buildSettings = {
				ASSETCATALOG_COMPILER_APPICON_NAME = AppIcon;
				CODE_SIGN_STYLE = Automatic;
				DEVELOPMENT_TEAM = KG6GWND6BG;
				INFOPLIST_FILE = assignment1_matchismo/Info.plist;
				LD_RUNPATH_SEARCH_PATHS = (
					"$(inherited)",
					"@executable_path/Frameworks",
				);
				PRODUCT_BUNDLE_IDENTIFIER = "lightricks.assignment1-matchismo";
				PRODUCT_NAME = "$(TARGET_NAME)";
				TARGETED_DEVICE_FAMILY = "1,2";
			};
			name = Debug;
		};
		BD67FA0224D81F2800C19B08 /* Release */ = {
			isa = XCBuildConfiguration;
			buildSettings = {
				ASSETCATALOG_COMPILER_APPICON_NAME = AppIcon;
				CODE_SIGN_STYLE = Automatic;
				DEVELOPMENT_TEAM = KG6GWND6BG;
				INFOPLIST_FILE = assignment1_matchismo/Info.plist;
				LD_RUNPATH_SEARCH_PATHS = (
					"$(inherited)",
					"@executable_path/Frameworks",
				);
				PRODUCT_BUNDLE_IDENTIFIER = "lightricks.assignment1-matchismo";
				PRODUCT_NAME = "$(TARGET_NAME)";
				TARGETED_DEVICE_FAMILY = "1,2";
			};
			name = Release;
		};
		BD67FA0424D81F2800C19B08 /* Debug */ = {
			isa = XCBuildConfiguration;
			buildSettings = {
				BUNDLE_LOADER = "$(TEST_HOST)";
				CODE_SIGN_STYLE = Automatic;
				DEVELOPMENT_TEAM = KG6GWND6BG;
				INFOPLIST_FILE = assignment1_matchismoTests/Info.plist;
				IPHONEOS_DEPLOYMENT_TARGET = 13.6;
				LD_RUNPATH_SEARCH_PATHS = (
					"$(inherited)",
					"@executable_path/Frameworks",
					"@loader_path/Frameworks",
				);
				PRODUCT_BUNDLE_IDENTIFIER = "lightricks.assignment1-matchismoTests";
				PRODUCT_NAME = "$(TARGET_NAME)";
				TARGETED_DEVICE_FAMILY = "1,2";
				TEST_HOST = "$(BUILT_PRODUCTS_DIR)/assignment1_matchismo.app/assignment1_matchismo";
			};
			name = Debug;
		};
		BD67FA0524D81F2800C19B08 /* Release */ = {
			isa = XCBuildConfiguration;
			buildSettings = {
				BUNDLE_LOADER = "$(TEST_HOST)";
				CODE_SIGN_STYLE = Automatic;
				DEVELOPMENT_TEAM = KG6GWND6BG;
				INFOPLIST_FILE = assignment1_matchismoTests/Info.plist;
				IPHONEOS_DEPLOYMENT_TARGET = 13.6;
				LD_RUNPATH_SEARCH_PATHS = (
					"$(inherited)",
					"@executable_path/Frameworks",
					"@loader_path/Frameworks",
				);
				PRODUCT_BUNDLE_IDENTIFIER = "lightricks.assignment1-matchismoTests";
				PRODUCT_NAME = "$(TARGET_NAME)";
				TARGETED_DEVICE_FAMILY = "1,2";
				TEST_HOST = "$(BUILT_PRODUCTS_DIR)/assignment1_matchismo.app/assignment1_matchismo";
			};
			name = Release;
		};
		BD67FA0724D81F2800C19B08 /* Debug */ = {
			isa = XCBuildConfiguration;
			buildSettings = {
				CODE_SIGN_STYLE = Automatic;
				DEVELOPMENT_TEAM = KG6GWND6BG;
				INFOPLIST_FILE = assignment1_matchismoUITests/Info.plist;
				LD_RUNPATH_SEARCH_PATHS = (
					"$(inherited)",
					"@executable_path/Frameworks",
					"@loader_path/Frameworks",
				);
				PRODUCT_BUNDLE_IDENTIFIER = "lightricks.assignment1-matchismoUITests";
				PRODUCT_NAME = "$(TARGET_NAME)";
				TARGETED_DEVICE_FAMILY = "1,2";
				TEST_TARGET_NAME = assignment1_matchismo;
			};
			name = Debug;
		};
		BD67FA0824D81F2800C19B08 /* Release */ = {
			isa = XCBuildConfiguration;
			buildSettings = {
				CODE_SIGN_STYLE = Automatic;
				DEVELOPMENT_TEAM = KG6GWND6BG;
				INFOPLIST_FILE = assignment1_matchismoUITests/Info.plist;
				LD_RUNPATH_SEARCH_PATHS = (
					"$(inherited)",
					"@executable_path/Frameworks",
					"@loader_path/Frameworks",
				);
				PRODUCT_BUNDLE_IDENTIFIER = "lightricks.assignment1-matchismoUITests";
				PRODUCT_NAME = "$(TARGET_NAME)";
				TARGETED_DEVICE_FAMILY = "1,2";
				TEST_TARGET_NAME = assignment1_matchismo;
			};
			name = Release;
		};
/* End XCBuildConfiguration section */

/* Begin XCConfigurationList section */
		BD67F9CC24D81F2700C19B08 /* Build configuration list for PBXProject "assignment1_matchismo" */ = {
			isa = XCConfigurationList;
			buildConfigurations = (
				BD67F9FE24D81F2800C19B08 /* Debug */,
				BD67F9FF24D81F2800C19B08 /* Release */,
			);
			defaultConfigurationIsVisible = 0;
			defaultConfigurationName = Release;
		};
		BD67FA0024D81F2800C19B08 /* Build configuration list for PBXNativeTarget "assignment1_matchismo" */ = {
			isa = XCConfigurationList;
			buildConfigurations = (
				BD67FA0124D81F2800C19B08 /* Debug */,
				BD67FA0224D81F2800C19B08 /* Release */,
			);
			defaultConfigurationIsVisible = 0;
			defaultConfigurationName = Release;
		};
		BD67FA0324D81F2800C19B08 /* Build configuration list for PBXNativeTarget "assignment1_matchismoTests" */ = {
			isa = XCConfigurationList;
			buildConfigurations = (
				BD67FA0424D81F2800C19B08 /* Debug */,
				BD67FA0524D81F2800C19B08 /* Release */,
			);
			defaultConfigurationIsVisible = 0;
			defaultConfigurationName = Release;
		};
		BD67FA0624D81F2800C19B08 /* Build configuration list for PBXNativeTarget "assignment1_matchismoUITests" */ = {
			isa = XCConfigurationList;
			buildConfigurations = (
				BD67FA0724D81F2800C19B08 /* Debug */,
				BD67FA0824D81F2800C19B08 /* Release */,
			);
			defaultConfigurationIsVisible = 0;
			defaultConfigurationName = Release;
		};
/* End XCConfigurationList section */
	};
	rootObject = BD67F9C924D81F2700C19B08 /* Project object */;
}
